
Microsoft Visual Studio Solution File, Format Version 12.00
# Visual Studio Version 17
VisualStudioVersion = 17.10.35122.118
MinimumVisualStudioVersion = 10.0.40219.1
Project("{FAE04EC0-301F-11D3-BF4B-00C04F79EFBC}") = "PROCESO_CRUD", "PROCESO_CRUD.csproj", "{87BA743F-2DE8-461D-8931-D7AD82E2DA8E}"
EndProject
Global
	GlobalSection(SolutionConfigurationPlatforms) = preSolution
		Debug|Any CPU = Debug|Any CPU
		Release|Any CPU = Release|Any CPU
	EndGlobalSection
	GlobalSection(ProjectConfigurationPlatforms) = postSolution
		{87BA743F-2DE8-461D-8931-D7AD82E2DA8E}.Debug|Any CPU.ActiveCfg = Debug|Any CPU
		{87BA743F-2DE8-461D-8931-D7AD82E2DA8E}.Debug|Any CPU.Build.0 = Debug|Any CPU
		{87BA743F-2DE8-461D-8931-D7AD82E2DA8E}.Release|Any CPU.ActiveCfg = Release|Any CPU
		{87BA743F-2DE8-461D-8931-D7AD82E2DA8E}.Release|Any CPU.Build.0 = Release|Any CPU
	EndGlobalSection
	GlobalSection(SolutionProperties) = preSolution
		HideSolutionNode = FALSE
	EndGlobalSection
	GlobalSection(ExtensibilityGlobals) = postSolution
		SolutionGuid = {5CB62F5F-3F40-4FEA-AFA8-082D1A2D7EA8}
	EndGlobalSection
EndGlobal
